# THIS IS AN AUTOGENERATED FILE. DO NOT EDIT THIS FILE DIRECTLY.
# yarn lockfile v1


"@turf/bbox-polygon@^5.0.1":
  version "5.1.5"
  resolved "https://registry.yarnpkg.com/@turf/bbox-polygon/-/bbox-polygon-5.1.5.tgz#6aeba4ed51d85d296e0f7c38b88c339f01eee024"
  dependencies:
    "@turf/helpers" "^5.1.5"

"@turf/bbox@^5.0.1", "@turf/bbox@^5.1.5":
  version "5.1.5"
  resolved "https://registry.yarnpkg.com/@turf/bbox/-/bbox-5.1.5.tgz#3051df514ad4c50f4a4f9b8a2d15fd8b6840eda3"
  dependencies:
    "@turf/helpers" "^5.1.5"
    "@turf/meta" "^5.1.5"

"@turf/buffer@^5.1.5":
  version "5.1.5"
  resolved "https://registry.yarnpkg.com/@turf/buffer/-/buffer-5.1.5.tgz#841c9627cfb974b122ac4e1a956f0466bc0231c4"
  dependencies:
    "@turf/bbox" "^5.1.5"
    "@turf/center" "^5.1.5"
    "@turf/helpers" "^5.1.5"
    "@turf/meta" "^5.1.5"
    "@turf/projection" "^5.1.5"
    d3-geo "1.7.1"
    turf-jsts "*"

"@turf/center@^5.1.5":
  version "5.1.5"
  resolved "https://registry.yarnpkg.com/@turf/center/-/center-5.1.5.tgz#44ab2cd954f63c0d37757f7158a99c3ef5114b80"
  dependencies:
    "@turf/bbox" "^5.1.5"
    "@turf/helpers" "^5.1.5"

"@turf/centroid@^5.0.2":
  version "5.1.5"
  resolved "https://registry.yarnpkg.com/@turf/centroid/-/centroid-5.1.5.tgz#778ada74216335021ad8fd0e7a65a8349d53c769"
  dependencies:
    "@turf/helpers" "^5.1.5"
    "@turf/meta" "^5.1.5"

"@turf/clone@^5.1.5":
  version "5.1.5"
  resolved "https://registry.yarnpkg.com/@turf/clone/-/clone-5.1.5.tgz#253e8d35477181976e33adfab50a0f02a7f0e367"
  dependencies:
    "@turf/helpers" "^5.1.5"

"@turf/helpers@^5.1.5":
  version "5.1.5"
  resolved "https://registry.yarnpkg.com/@turf/helpers/-/helpers-5.1.5.tgz#153405227ab933d004a5bb9641a9ed999fcbe0cf"

"@turf/meta@^5.1.5":
  version "5.2.0"
  resolved "https://registry.yarnpkg.com/@turf/meta/-/meta-5.2.0.tgz#3b1ad485ee0c3b0b1775132a32c384d53e4ba53d"
  dependencies:
    "@turf/helpers" "^5.1.5"

"@turf/projection@^5.0.1", "@turf/projection@^5.1.5":
  version "5.1.5"
  resolved "https://registry.yarnpkg.com/@turf/projection/-/projection-5.1.5.tgz#24517eeeb2f36816ba9f712e7ae6d6a368edf757"
  dependencies:
    "@turf/clone" "^5.1.5"
    "@turf/helpers" "^5.1.5"
    "@turf/meta" "^5.1.5"

"@turf/union@^5.0.2":
  version "5.1.5"
  resolved "https://registry.yarnpkg.com/@turf/union/-/union-5.1.5.tgz#53285b6094047fc58d96aac0ea90865ec34d454b"
  dependencies:
    "@turf/helpers" "^5.1.5"
    turf-jsts "*"

align-text@^0.1.1, align-text@^0.1.3:
  version "0.1.4"
  resolved "https://registry.yarnpkg.com/align-text/-/align-text-0.1.4.tgz#0cd90a561093f35d0a99256c22b7069433fad117"
  dependencies:
    kind-of "^3.0.2"
    longest "^1.0.1"
    repeat-string "^1.5.2"

amdefine@>=0.0.4:
  version "1.0.1"
  resolved "https://registry.yarnpkg.com/amdefine/-/amdefine-1.0.1.tgz#4a5282ac164729e93619bcfd3ad151f817ce91f5"

async@^1.4.0:
  version "1.5.2"
  resolved "https://registry.yarnpkg.com/async/-/async-1.5.2.tgz#ec6a61ae56480c0c3cb241c95618e20892f9672a"

camelcase@^1.0.2:
  version "1.2.1"
  resolved "https://registry.yarnpkg.com/camelcase/-/camelcase-1.2.1.tgz#9bb5304d2e0b56698b2c758b08a3eaa9daa58a39"

center-align@^0.1.1:
  version "0.1.3"
  resolved "https://registry.yarnpkg.com/center-align/-/center-align-0.1.3.tgz#aa0d32629b6ee972200411cbd4461c907bc2b7ad"
  dependencies:
    align-text "^0.1.3"
    lazy-cache "^1.0.3"

check-point-in-rectangle@^0.1.0:
  version "0.1.0"
  resolved "https://registry.yarnpkg.com/check-point-in-rectangle/-/check-point-in-rectangle-0.1.0.tgz#98b0d8e940c765dd3f628a1ba174dddd53501860"

cliui@^2.1.0:
  version "2.1.0"
  resolved "https://registry.yarnpkg.com/cliui/-/cliui-2.1.0.tgz#4b475760ff80264c762c3a1719032e91c7fea0d1"
  dependencies:
    center-align "^0.1.1"
    right-align "^0.1.1"
    wordwrap "0.0.2"

d3-array@1:
  version "1.2.1"
  resolved "https://registry.yarnpkg.com/d3-array/-/d3-array-1.2.1.tgz#d1ca33de2f6ac31efadb8e050a021d7e2396d5dc"

d3-geo@1.7.1:
  version "1.7.1"
  resolved "https://registry.yarnpkg.com/d3-geo/-/d3-geo-1.7.1.tgz#44bbc7a218b1fd859f3d8fd7c443ca836569ce99"
  dependencies:
    d3-array "1"

decamelize@^1.0.0:
  version "1.2.0"
  resolved "https://registry.yarnpkg.com/decamelize/-/decamelize-1.2.0.tgz#f6534d15148269b20352e7bee26f501f9a191290"

emptymap.js@^1.0.1:
  version "1.0.1"
  resolved "https://registry.yarnpkg.com/emptymap.js/-/emptymap.js-1.0.1.tgz#066a35db8e4dfeeae48a76e5e7504a1d4da0bac8"
  dependencies:
    transformatrix "^1.1.1"

geojson2svg@^1.2.3:
  version "1.2.3"
  resolved "https://registry.yarnpkg.com/geojson2svg/-/geojson2svg-1.2.3.tgz#dc26384a8faec047228272e97fafcf539c0e13f3"
  dependencies:
    multigeojson "~0.0.1"

handlebars@^4.0.11:
  version "4.0.11"
  resolved "https://registry.yarnpkg.com/handlebars/-/handlebars-4.0.11.tgz#630a35dfe0294bc281edae6ffc5d329fc7982dcc"
  dependencies:
    async "^1.4.0"
    optimist "^0.6.1"
    source-map "^0.4.4"
  optionalDependencies:
    uglify-js "^2.6"

is-buffer@^1.1.5:
  version "1.1.6"
  resolved "https://registry.yarnpkg.com/is-buffer/-/is-buffer-1.1.6.tgz#efaa2ea9daa0d7ab2ea13a97b2b8ad51fefbe8be"

kind-of@^3.0.2:
  version "3.2.2"
  resolved "https://registry.yarnpkg.com/kind-of/-/kind-of-3.2.2.tgz#31ea21a734bab9bbb0f32466d893aea51e4a3c64"
  dependencies:
    is-buffer "^1.1.5"

lazy-cache@^1.0.3:
  version "1.0.4"
  resolved "https://registry.yarnpkg.com/lazy-cache/-/lazy-cache-1.0.4.tgz#a1d78fc3a50474cb80845d3b3b6e1da49a446e8e"

line-segments-intersect@0.0.0:
  version "0.0.0"
  resolved "https://registry.yarnpkg.com/line-segments-intersect/-/line-segments-intersect-0.0.0.tgz#72a62c42a6aa1b036baa5176ccd51e4db80eeafa"

lodash@^4.17.10:
  version "4.17.10"
  resolved "https://registry.yarnpkg.com/lodash/-/lodash-4.17.10.tgz#1b7793cf7259ea38fb3661d4d38b3260af8ae4e7"

longest@^1.0.1:
  version "1.0.1"
  resolved "https://registry.yarnpkg.com/longest/-/longest-1.0.1.tgz#30a0b2da38f73770e8294a0d22e6625ed77d0097"

map-the-tiles@^1.2.1:
  version "1.2.1"
  resolved "https://registry.yarnpkg.com/map-the-tiles/-/map-the-tiles-1.2.1.tgz#289ac1d63a43a53add9e94ab1398a9ed3473c393"
  dependencies:
    rectangles-intersect "0.0.0"
    transformatrix "^1.1.1"

minimist@~0.0.1:
  version "0.0.10"
  resolved "https://registry.yarnpkg.com/minimist/-/minimist-0.0.10.tgz#de3f98543dbf96082be48ad1a0c7cda836301dcf"

multigeojson@~0.0.1:
  version "0.0.1"
  resolved "https://registry.yarnpkg.com/multigeojson/-/multigeojson-0.0.1.tgz#f2404a80b6ee5a9642abb17db01a9e7f1809ef3e"

optimist@^0.6.1:
  version "0.6.1"
  resolved "https://registry.yarnpkg.com/optimist/-/optimist-0.6.1.tgz#da3ea74686fa21a19a111c326e90eb15a0196686"
  dependencies:
    minimist "~0.0.1"
    wordwrap "~0.0.2"

rectangles-intersect@0.0.0:
  version "0.0.0"
  resolved "https://registry.yarnpkg.com/rectangles-intersect/-/rectangles-intersect-0.0.0.tgz#d2b0f3b17f7cffd38ad046102464e76cb4b8066c"
  dependencies:
    check-point-in-rectangle "^0.1.0"
    line-segments-intersect "0.0.0"

repeat-string@^1.5.2:
  version "1.6.1"
  resolved "https://registry.yarnpkg.com/repeat-string/-/repeat-string-1.6.1.tgz#8dcae470e1c88abc2d600fff4a776286da75e637"

right-align@^0.1.1:
  version "0.1.3"
  resolved "https://registry.yarnpkg.com/right-align/-/right-align-0.1.3.tgz#61339b722fe6a3515689210d24e14c96148613ef"
  dependencies:
    align-text "^0.1.1"

source-map@^0.4.4:
  version "0.4.4"
  resolved "https://registry.yarnpkg.com/source-map/-/source-map-0.4.4.tgz#eba4f5da9c0dc999de68032d8b4f76173652036b"
  dependencies:
    amdefine ">=0.0.4"

source-map@~0.5.1:
  version "0.5.7"
  resolved "https://registry.yarnpkg.com/source-map/-/source-map-0.5.7.tgz#8a039d2d1021d22d1ea14c80d8ea468ba2ef3fcc"

transformatrix@^1.1.1:
  version "1.1.1"
  resolved "https://registry.yarnpkg.com/transformatrix/-/transformatrix-1.1.1.tgz#b462cd59e187fa3d956d5931b4a9e6179b0fde8a"

turf-jsts@*:
  version "1.2.3"
  resolved "https://registry.yarnpkg.com/turf-jsts/-/turf-jsts-1.2.3.tgz#59757f542afbff9a577bbf411f183b8f48d38aa4"

uglify-js@^2.6:
  version "2.8.29"
  resolved "https://registry.yarnpkg.com/uglify-js/-/uglify-js-2.8.29.tgz#29c5733148057bb4e1f75df35b7a9cb72e6a59dd"
  dependencies:
    source-map "~0.5.1"
    yargs "~3.10.0"
  optionalDependencies:
    uglify-to-browserify "~1.0.0"

uglify-to-browserify@~1.0.0:
  version "1.0.2"
  resolved "https://registry.yarnpkg.com/uglify-to-browserify/-/uglify-to-browserify-1.0.2.tgz#6e0924d6bda6b5afe349e39a6d632850a0f882b7"

window-size@0.1.0:
  version "0.1.0"
  resolved "https://registry.yarnpkg.com/window-size/-/window-size-0.1.0.tgz#5438cd2ea93b202efa3a19fe8887aee7c94f9c9d"

wordwrap@0.0.2:
  version "0.0.2"
  resolved "https://registry.yarnpkg.com/wordwrap/-/wordwrap-0.0.2.tgz#b79669bb42ecb409f83d583cad52ca17eaa1643f"

wordwrap@~0.0.2:
  version "0.0.3"
  resolved "https://registry.yarnpkg.com/wordwrap/-/wordwrap-0.0.3.tgz#a3d5da6cd5c0bc0008d37234bbaf1bed63059107"

yargs@~3.10.0:
  version "3.10.0"
  resolved "https://registry.yarnpkg.com/yargs/-/yargs-3.10.0.tgz#f7ee7bd857dd7c1d2d38c0e74efbd681d1431fd1"
  dependencies:
    camelcase "^1.0.2"
    cliui "^2.1.0"
    decamelize "^1.0.0"
    window-size "0.1.0"
